// !$*UTF8*$!
{
	archiveVersion = 1;
	classes = {
	};
	objectVersion = 56;
	objects = {

/* Begin PBXBuildFile section */
		6F8E69992BC2FFD40049EC6F /* AppDelegate.swift in Sources */ = {isa = PBXBuildFile; fileRef = 6F8E69982BC2FFD40049EC6F /* AppDelegate.swift */; };
		6F8E699B2BC2FFD40049EC6F /* SceneDelegate.swift in Sources */ = {isa = PBXBuildFile; fileRef = 6F8E699A2BC2FFD40049EC6F /* SceneDelegate.swift */; };
		6F8E699D2BC2FFD40049EC6F /* ViewController.swift in Sources */ = {isa = PBXBuildFile; fileRef = 6F8E699C2BC2FFD40049EC6F /* ViewController.swift */; };
		6F8E69A02BC2FFD40049EC6F /* Main.storyboard in Resources */ = {isa = PBXBuildFile; fileRef = 6F8E699E2BC2FFD40049EC6F /* Main.storyboard */; };
		6F8E69A22BC2FFD80049EC6F /* Assets.xcassets in Resources */ = {isa = PBXBuildFile; fileRef = 6F8E69A12BC2FFD80049EC6F /* Assets.xcassets */; };
		6F8E69A52BC2FFD80049EC6F /* LaunchScreen.storyboard in Resources */ = {isa = PBXBuildFile; fileRef = 6F8E69A32BC2FFD80049EC6F /* LaunchScreen.storyboard */; };
		6F8E69B02BC2FFD90049EC6F /* AboutMeTests.swift in Sources */ = {isa = PBXBuildFile; fileRef = 6F8E69AF2BC2FFD90049EC6F /* AboutMeTests.swift */; };
		6F8E69BA2BC2FFD90049EC6F /* AboutMeUITests.swift in Sources */ = {isa = PBXBuildFile; fileRef = 6F8E69B92BC2FFD90049EC6F /* AboutMeUITests.swift */; };
		6F8E69BC2BC2FFD90049EC6F /* AboutMeUITestsLaunchTests.swift in Sources */ = {isa = PBXBuildFile; fileRef = 6F8E69BB2BC2FFD90049EC6F /* AboutMeUITestsLaunchTests.swift */; };
/* End PBXBuildFile section */

/* Begin PBXContainerItemProxy section */
		6F8E69AC2BC2FFD90049EC6F /* PBXContainerItemProxy */ = {
			isa = PBXContainerItemProxy;
			containerPortal = 6F8E698D2BC2FFD40049EC6F /* Project object */;
			proxyType = 1;
			remoteGlobalIDString = 6F8E69942BC2FFD40049EC6F;
			remoteInfo = AboutMe;
		};
		6F8E69B62BC2FFD90049EC6F /* PBXContainerItemProxy */ = {
			isa = PBXContainerItemProxy;
			containerPortal = 6F8E698D2BC2FFD40049EC6F /* Project object */;
			proxyType = 1;
			remoteGlobalIDString = 6F8E69942BC2FFD40049EC6F;
			remoteInfo = AboutMe;
		};
/* End PBXContainerItemProxy section */

/* Begin PBXFileReference section */
		6F8E69952BC2FFD40049EC6F /* AboutMe.app */ = {isa = PBXFileReference; explicitFileType = wrapper.application; includeInIndex = 0; path = AboutMe.app; sourceTree = BUILT_PRODUCTS_DIR; };
		6F8E69982BC2FFD40049EC6F /* AppDelegate.swift */ = {isa = PBXFileReference; lastKnownFileType = sourcecode.swift; path = AppDelegate.swift; sourceTree = "<group>"; };
		6F8E699A2BC2FFD40049EC6F /* SceneDelegate.swift */ = {isa = PBXFileReference; lastKnownFileType = sourcecode.swift; path = SceneDelegate.swift; sourceTree = "<group>"; };
		6F8E699C2BC2FFD40049EC6F /* ViewController.swift */ = {isa = PBXFileReference; lastKnownFileType = sourcecode.swift; path = ViewController.swift; sourceTree = "<group>"; };
		6F8E699F2BC2FFD40049EC6F /* Base */ = {isa = PBXFileReference; lastKnownFileType = file.storyboard; name = Base; path = Base.lproj/Main.storyboard; sourceTree = "<group>"; };
		6F8E69A12BC2FFD80049EC6F /* Assets.xcassets */ = {isa = PBXFileReference; lastKnownFileType = folder.assetcatalog; path = Assets.xcassets; sourceTree = "<group>"; };
		6F8E69A42BC2FFD80049EC6F /* Base */ = {isa = PBXFileReference; lastKnownFileType = file.storyboard; name = Base; path = Base.lproj/LaunchScreen.storyboard; sourceTree = "<group>"; };
		6F8E69A62BC2FFD80049EC6F /* Info.plist */ = {isa = PBXFileReference; lastKnownFileType = text.plist.xml; path = Info.plist; sourceTree = "<group>"; };
		6F8E69AB2BC2FFD90049EC6F /* AboutMeTests.xctest */ = {isa = PBXFileReference; explicitFileType = wrapper.cfbundle; includeInIndex = 0; path = AboutMeTests.xctest; sourceTree = BUILT_PRODUCTS_DIR; };
		6F8E69AF2BC2FFD90049EC6F /* AboutMeTests.swift */ = {isa = PBXFileReference; lastKnownFileType = sourcecode.swift; path = AboutMeTests.swift; sourceTree = "<group>"; };
		6F8E69B52BC2FFD90049EC6F /* AboutMeUITests.xctest */ = {isa = PBXFileReference; explicitFileType = wrapper.cfbundle; includeInIndex = 0; path = AboutMeUITests.xctest; sourceTree = BUILT_PRODUCTS_DIR; };
		6F8E69B92BC2FFD90049EC6F /* AboutMeUITests.swift */ = {isa = PBXFileReference; lastKnownFileType = sourcecode.swift; path = AboutMeUITests.swift; sourceTree = "<group>"; };
		6F8E69BB2BC2FFD90049EC6F /* AboutMeUITestsLaunchTests.swift */ = {isa = PBXFileReference; lastKnownFileType = sourcecode.swift; path = AboutMeUITestsLaunchTests.swift; sourceTree = "<group>"; };
/* End PBXFileReference section */

/* Begin PBXFrameworksBuildPhase section */
		6F8E69922BC2FFD40049EC6F /* Frameworks */ = {
			isa = PBXFrameworksBuildPhase;
			buildActionMask = 2147483647;
			files = (
			);
			runOnlyForDeploymentPostprocessing = 0;
		};
		6F8E69A82BC2FFD90049EC6F /* Frameworks */ = {
			isa = PBXFrameworksBuildPhase;
			buildActionMask = 2147483647;
			files = (
			);
			runOnlyForDeploymentPostprocessing = 0;
		};
		6F8E69B22BC2FFD90049EC6F /* Frameworks */ = {
			isa = PBXFrameworksBuildPhase;
			buildActionMask = 2147483647;
			files = (
			);
			runOnlyForDeploymentPostprocessing = 0;
		};
/* End PBXFrameworksBuildPhase section */

/* Begin PBXGroup section */
		6F8E698C2BC2FFD40049EC6F = {
			isa = PBXGroup;
			children = (
				6F8E69972BC2FFD40049EC6F /* AboutMe */,
				6F8E69AE2BC2FFD90049EC6F /* AboutMeTests */,
				6F8E69B82BC2FFD90049EC6F /* AboutMeUITests */,
				6F8E69962BC2FFD40049EC6F /* Products */,
			);
			sourceTree = "<group>";
		};
		6F8E69962BC2FFD40049EC6F /* Products */ = {
			isa = PBXGroup;
			children = (
				6F8E69952BC2FFD40049EC6F /* AboutMe.app */,
				6F8E69AB2BC2FFD90049EC6F /* AboutMeTests.xctest */,
				6F8E69B52BC2FFD90049EC6F /* AboutMeUITests.xctest */,
			);
			name = Products;
			sourceTree = "<group>";
		};
		6F8E69972BC2FFD40049EC6F /* AboutMe */ = {
			isa = PBXGroup;
			children = (
				6F8E69982BC2FFD40049EC6F /* AppDelegate.swift */,
				6F8E699A2BC2FFD40049EC6F /* SceneDelegate.swift */,
				6F8E699C2BC2FFD40049EC6F /* ViewController.swift */,
				6F8E699E2BC2FFD40049EC6F /* Main.storyboard */,
				6F8E69A12BC2FFD80049EC6F /* Assets.xcassets */,
				6F8E69A32BC2FFD80049EC6F /* LaunchScreen.storyboard */,
				6F8E69A62BC2FFD80049EC6F /* Info.plist */,
			);
			path = AboutMe;
			sourceTree = "<group>";
		};
		6F8E69AE2BC2FFD90049EC6F /* AboutMeTests */ = {
			isa = PBXGroup;
			children = (
				6F8E69AF2BC2FFD90049EC6F /* AboutMeTests.swift */,
			);
			path = AboutMeTests;
			sourceTree = "<group>";
		};
		6F8E69B82BC2FFD90049EC6F /* AboutMeUITests */ = {
			isa = PBXGroup;
			children = (
				6F8E69B92BC2FFD90049EC6F /* AboutMeUITests.swift */,
				6F8E69BB2BC2FFD90049EC6F /* AboutMeUITestsLaunchTests.swift */,
			);
			path = AboutMeUITests;
			sourceTree = "<group>";
		};
/* End PBXGroup section */

/* Begin PBXNativeTarget section */
		6F8E69942BC2FFD40049EC6F /* AboutMe */ = {
			isa = PBXNativeTarget;
			buildConfigurationList = 6F8E69BF2BC2FFD90049EC6F /* Build configuration list for PBXNativeTarget "AboutMe" */;
			buildPhases = (
				6F8E69912BC2FFD40049EC6F /* Sources */,
				6F8E69922BC2FFD40049EC6F /* Frameworks */,
				6F8E69932BC2FFD40049EC6F /* Resources */,
			);
			buildRules = (
			);
			dependencies = (
			);
			name = AboutMe;
			productName = AboutMe;
			productReference = 6F8E69952BC2FFD40049EC6F /* AboutMe.app */;
			productType = "com.apple.product-type.application";
		};
		6F8E69AA2BC2FFD90049EC6F /* AboutMeTests */ = {
			isa = PBXNativeTarget;
			buildConfigurationList = 6F8E69C22BC2FFD90049EC6F /* Build configuration list for PBXNativeTarget "AboutMeTests" */;
			buildPhases = (
				6F8E69A72BC2FFD90049EC6F /* Sources */,
				6F8E69A82BC2FFD90049EC6F /* Frameworks */,
				6F8E69A92BC2FFD90049EC6F /* Resources */,
			);
			buildRules = (
			);
			dependencies = (
				6F8E69AD2BC2FFD90049EC6F /* PBXTargetDependency */,
			);
			name = AboutMeTests;
			productName = AboutMeTests;
			productReference = 6F8E69AB2BC2FFD90049EC6F /* AboutMeTests.xctest */;
			productType = "com.apple.product-type.bundle.unit-test";
		};
		6F8E69B42BC2FFD90049EC6F /* AboutMeUITests */ = {
			isa = PBXNativeTarget;
			buildConfigurationList = 6F8E69C52BC2FFD90049EC6F /* Build configuration list for PBXNativeTarget "AboutMeUITests" */;
			buildPhases = (
				6F8E69B12BC2FFD90049EC6F /* Sources */,
				6F8E69B22BC2FFD90049EC6F /* Frameworks */,
				6F8E69B32BC2FFD90049EC6F /* Resources */,
			);
			buildRules = (
			);
			dependencies = (
				6F8E69B72BC2FFD90049EC6F /* PBXTargetDependency */,
			);
			name = AboutMeUITests;
			productName = AboutMeUITests;
			productReference = 6F8E69B52BC2FFD90049EC6F /* AboutMeUITests.xctest */;
			productType = "com.apple.product-type.bundle.ui-testing";
		};
/* End PBXNativeTarget section */

/* Begin PBXProject section */
		6F8E698D2BC2FFD40049EC6F /* Project object */ = {
			isa = PBXProject;
			attributes = {
				BuildIndependentTargetsInParallel = 1;
				LastSwiftUpdateCheck = 1520;
				LastUpgradeCheck = 1520;
				TargetAttributes = {
					6F8E69942BC2FFD40049EC6F = {
						CreatedOnToolsVersion = 15.2;
					};
					6F8E69AA2BC2FFD90049EC6F = {
						CreatedOnToolsVersion = 15.2;
						TestTargetID = 6F8E69942BC2FFD40049EC6F;
					};
					6F8E69B42BC2FFD90049EC6F = {
						CreatedOnToolsVersion = 15.2;
						TestTargetID = 6F8E69942BC2FFD40049EC6F;
					};
				};
			};
			buildConfigurationList = 6F8E69902BC2FFD40049EC6F /* Build configuration list for PBXProject "AboutMe" */;
			compatibilityVersion = "Xcode 14.0";
			developmentRegion = en;
			hasScannedForEncodings = 0;
			knownRegions = (
				en,
				Base,
			);
			mainGroup = 6F8E698C2BC2FFD40049EC6F;
			productRefGroup = 6F8E69962BC2FFD40049EC6F /* Products */;
			projectDirPath = "";
			projectRoot = "";
			targets = (
				6F8E69942BC2FFD40049EC6F /* AboutMe */,
				6F8E69AA2BC2FFD90049EC6F /* AboutMeTests */,
				6F8E69B42BC2FFD90049EC6F /* AboutMeUITests */,
			);
		};
/* End PBXProject section */

/* Begin PBXResourcesBuildPhase section */
		6F8E69932BC2FFD40049EC6F /* Resources */ = {
			isa = PBXResourcesBuildPhase;
			buildActionMask = 2147483647;
			files = (
				6F8E69A52BC2FFD80049EC6F /* LaunchScreen.storyboard in Resources */,
				6F8E69A22BC2FFD80049EC6F /* Assets.xcassets in Resources */,
				6F8E69A02BC2FFD40049EC6F /* Main.storyboard in Resources */,
			);
			runOnlyForDeploymentPostprocessing = 0;
		};
		6F8E69A92BC2FFD90049EC6F /* Resources */ = {
			isa = PBXResourcesBuildPhase;
			buildActionMask = 2147483647;
			files = (
			);
			runOnlyForDeploymentPostprocessing = 0;
		};
		6F8E69B32BC2FFD90049EC6F /* Resources */ = {
			isa = PBXResourcesBuildPhase;
			buildActionMask = 2147483647;
			files = (
			);
			runOnlyForDeploymentPostprocessing = 0;
		};
/* End PBXResourcesBuildPhase section */

/* Begin PBXSourcesBuildPhase section */
		6F8E69912BC2FFD40049EC6F /* Sources */ = {
			isa = PBXSourcesBuildPhase;
			buildActionMask = 2147483647;
			files = (
				6F8E699D2BC2FFD40049EC6F /* ViewController.swift in Sources */,
				6F8E69992BC2FFD40049EC6F /* AppDelegate.swift in Sources */,
				6F8E699B2BC2FFD40049EC6F /* SceneDelegate.swift in Sources */,
			);
			runOnlyForDeploymentPostprocessing = 0;
		};
		6F8E69A72BC2FFD90049EC6F /* Sources */ = {
			isa = PBXSourcesBuildPhase;
			buildActionMask = 2147483647;
			files = (
				6F8E69B02BC2FFD90049EC6F /* AboutMeTests.swift in Sources */,
			);
			runOnlyForDeploymentPostprocessing = 0;
		};
		6F8E69B12BC2FFD90049EC6F /* Sources */ = {
			isa = PBXSourcesBuildPhase;
			buildActionMask = 2147483647;
			files = (
				6F8E69BC2BC2FFD90049EC6F /* AboutMeUITestsLaunchTests.swift in Sources */,
				6F8E69BA2BC2FFD90049EC6F /* AboutMeUITests.swift in Sources */,
			);
			runOnlyForDeploymentPostprocessing = 0;
		};
/* End PBXSourcesBuildPhase section */

/* Begin PBXTargetDependency section */
		6F8E69AD2BC2FFD90049EC6F /* PBXTargetDependency */ = {
			isa = PBXTargetDependency;
			target = 6F8E69942BC2FFD40049EC6F /* AboutMe */;
			targetProxy = 6F8E69AC2BC2FFD90049EC6F /* PBXContainerItemProxy */;
		};
		6F8E69B72BC2FFD90049EC6F /* PBXTargetDependency */ = {
			isa = PBXTargetDependency;
			target = 6F8E69942BC2FFD40049EC6F /* AboutMe */;
			targetProxy = 6F8E69B62BC2FFD90049EC6F /* PBXContainerItemProxy */;
		};
/* End PBXTargetDependency section */

/* Begin PBXVariantGroup section */
		6F8E699E2BC2FFD40049EC6F /* Main.storyboard */ = {
			isa = PBXVariantGroup;
			children = (
				6F8E699F2BC2FFD40049EC6F /* Base */,
			);
			name = Main.storyboard;
			sourceTree = "<group>";
		};
		6F8E69A32BC2FFD80049EC6F /* LaunchScreen.storyboard */ = {
			isa = PBXVariantGroup;
			children = (
				6F8E69A42BC2FFD80049EC6F /* Base */,
			);
			name = LaunchScreen.storyboard;
			sourceTree = "<group>";
		};
/* End PBXVariantGroup section */

/* Begin XCBuildConfiguration section */
		6F8E69BD2BC2FFD90049EC6F /* Debug */ = {
			isa = XCBuildConfiguration;
			buildSettings = {
				ALWAYS_SEARCH_USER_PATHS = NO;
				ASSETCATALOG_COMPILER_GENERATE_SWIFT_ASSET_SYMBOL_EXTENSIONS = YES;
				CLANG_ANALYZER_NONNULL = YES;
				CLANG_ANALYZER_NUMBER_OBJECT_CONVERSION = YES_AGGRESSIVE;
				CLANG_CXX_LANGUAGE_STANDARD = "gnu++20";
				CLANG_ENABLE_MODULES = YES;
				CLANG_ENABLE_OBJC_ARC = YES;
				CLANG_ENABLE_OBJC_WEAK = YES;
				CLANG_WARN_BLOCK_CAPTURE_AUTORELEASING = YES;
				CLANG_WARN_BOOL_CONVERSION = YES;
				CLANG_WARN_COMMA = YES;
				CLANG_WARN_CONSTANT_CONVERSION = YES;
				CLANG_WARN_DEPRECATED_OBJC_IMPLEMENTATIONS = YES;
				CLANG_WARN_DIRECT_OBJC_ISA_USAGE = YES_ERROR;
				CLANG_WARN_DOCUMENTATION_COMMENTS = YES;
				CLANG_WARN_EMPTY_BODY = YES;
				CLANG_WARN_ENUM_CONVERSION = YES;
				CLANG_WARN_INFINITE_RECURSION = YES;
				CLANG_WARN_INT_CONVERSION = YES;
				CLANG_WARN_NON_LITERAL_NULL_CONVERSION = YES;
				CLANG_WARN_OBJC_IMPLICIT_RETAIN_SELF = YES;
				CLANG_WARN_OBJC_LITERAL_CONVERSION = YES;
				CLANG_WARN_OBJC_ROOT_CLASS = YES_ERROR;
				CLANG_WARN_QUOTED_INCLUDE_IN_FRAMEWORK_HEADER = YES;
				CLANG_WARN_RANGE_LOOP_ANALYSIS = YES;
				CLANG_WARN_STRICT_PROTOTYPES = YES;
				CLANG_WARN_SUSPICIOUS_MOVE = YES;
				CLANG_WARN_UNGUARDED_AVAILABILITY = YES_AGGRESSIVE;
				CLANG_WARN_UNREACHABLE_CODE = YES;
				CLANG_WARN__DUPLICATE_METHOD_MATCH = YES;
				COPY_PHASE_STRIP = NO;
				DEBUG_INFORMATION_FORMAT = dwarf;
				ENABLE_STRICT_OBJC_MSGSEND = YES;
				ENABLE_TESTABILITY = YES;
				ENABLE_USER_SCRIPT_SANDBOXING = YES;
				GCC_C_LANGUAGE_STANDARD = gnu17;
				GCC_DYNAMIC_NO_PIC = NO;
				GCC_NO_COMMON_BLOCKS = YES;
				GCC_OPTIMIZATION_LEVEL = 0;
				GCC_PREPROCESSOR_DEFINITIONS = (
					"DEBUG=1",
					"$(inherited)",
				);
				GCC_WARN_64_TO_32_BIT_CONVERSION = YES;
				GCC_WARN_ABOUT_RETURN_TYPE = YES_ERROR;
				GCC_WARN_UNDECLARED_SELECTOR = YES;
				GCC_WARN_UNINITIALIZED_AUTOS = YES_AGGRESSIVE;
				GCC_WARN_UNUSED_FUNCTION = YES;
				GCC_WARN_UNUSED_VARIABLE = YES;
				IPHONEOS_DEPLOYMENT_TARGET = 17.2;
				LOCALIZATION_PREFERS_STRING_CATALOGS = YES;
				MTL_ENABLE_DEBUG_INFO = INCLUDE_SOURCE;
				MTL_FAST_MATH = YES;
				ONLY_ACTIVE_ARCH = YES;
				SDKROOT = iphoneos;
				SWIFT_ACTIVE_COMPILATION_CONDITIONS = "DEBUG $(inherited)";
				SWIFT_OPTIMIZATION_LEVEL = "-Onone";
			};
			name = Debug;
		};
		6F8E69BE2BC2FFD90049EC6F /* Release */ = {
			isa = XCBuildConfiguration;
			buildSettings = {
				ALWAYS_SEARCH_USER_PATHS = NO;
				ASSETCATALOG_COMPILER_GENERATE_SWIFT_ASSET_SYMBOL_EXTENSIONS = YES;
				CLANG_ANALYZER_NONNULL = YES;
				CLANG_ANALYZER_NUMBER_OBJECT_CONVERSION = YES_AGGRESSIVE;
				CLANG_CXX_LANGUAGE_STANDARD = "gnu++20";
				CLANG_ENABLE_MODULES = YES;
				CLANG_ENABLE_OBJC_ARC = YES;
				CLANG_ENABLE_OBJC_WEAK = YES;
				CLANG_WARN_BLOCK_CAPTURE_AUTORELEASING = YES;
				CLANG_WARN_BOOL_CONVERSION = YES;
				CLANG_WARN_COMMA = YES;
				CLANG_WARN_CONSTANT_CONVERSION = YES;
				CLANG_WARN_DEPRECATED_OBJC_IMPLEMENTATIONS = YES;
				CLANG_WARN_DIRECT_OBJC_ISA_USAGE = YES_ERROR;
				CLANG_WARN_DOCUMENTATION_COMMENTS = YES;
				CLANG_WARN_EMPTY_BODY = YES;
				CLANG_WARN_ENUM_CONVERSION = YES;
				CLANG_WARN_INFINITE_RECURSION = YES;
				CLANG_WARN_INT_CONVERSION = YES;
				CLANG_WARN_NON_LITERAL_NULL_CONVERSION = YES;
				CLANG_WARN_OBJC_IMPLICIT_RETAIN_SELF = YES;
				CLANG_WARN_OBJC_LITERAL_CONVERSION = YES;
				CLANG_WARN_OBJC_ROOT_CLASS = YES_ERROR;
				CLANG_WARN_QUOTED_INCLUDE_IN_FRAMEWORK_HEADER = YES;
				CLANG_WARN_RANGE_LOOP_ANALYSIS = YES;
				CLANG_WARN_STRICT_PROTOTYPES = YES;
				CLANG_WARN_SUSPICIOUS_MOVE = YES;
				CLANG_WARN_UNGUARDED_AVAILABILITY = YES_AGGRESSIVE;
				CLANG_WARN_UNREACHABLE_CODE = YES;
				CLANG_WARN__DUPLICATE_METHOD_MATCH = YES;
				COPY_PHASE_STRIP = NO;
				DEBUG_INFORMATION_FORMAT = "dwarf-with-dsym";
				ENABLE_NS_ASSERTIONS = NO;
				ENABLE_STRICT_OBJC_MSGSEND = YES;
				ENABLE_USER_SCRIPT_SANDBOXING = YES;
				GCC_C_LANGUAGE_STANDARD = gnu17;
				GCC_NO_COMMON_BLOCKS = YES;
				GCC_WARN_64_TO_32_BIT_CONVERSION = YES;
				GCC_WARN_ABOUT_RETURN_TYPE = YES_ERROR;
				GCC_WARN_UNDECLARED_SELECTOR = YES;
				GCC_WARN_UNINITIALIZED_AUTOS = YES_AGGRESSIVE;
				GCC_WARN_UNUSED_FUNCTION = YES;
				GCC_WARN_UNUSED_VARIABLE = YES;
				IPHONEOS_DEPLOYMENT_TARGET = 17.2;
				LOCALIZATION_PREFERS_STRING_CATALOGS = YES;
				MTL_ENABLE_DEBUG_INFO = NO;
				MTL_FAST_MATH = YES;
				SDKROOT = iphoneos;
				SWIFT_COMPILATION_MODE = wholemodule;
				VALIDATE_PRODUCT = YES;
			};
			name = Release;
		};
		6F8E69C02BC2FFD90049EC6F /* Debug */ = {
			isa = XCBuildConfiguration;
			buildSettings = {
				ASSETCATALOG_COMPILER_APPICON_NAME = AppIcon;
				ASSETCATALOG_COMPILER_GLOBAL_ACCENT_COLOR_NAME = AccentColor;
				CODE_SIGN_STYLE = Automatic;
				CURRENT_PROJECT_VERSION = 1;
				GENERATE_INFOPLIST_FILE = YES;
				INFOPLIST_FILE = AboutMe/Info.plist;
				INFOPLIST_KEY_UIApplicationSupportsIndirectInputEvents = YES;
				INFOPLIST_KEY_UILaunchStoryboardName = LaunchScreen;
				INFOPLIST_KEY_UIMainStoryboardFile = Main;
				INFOPLIST_KEY_UISupportedInterfaceOrientations_iPad = "UIInterfaceOrientationPortrait UIInterfaceOrientationPortraitUpsideDown UIInterfaceOrientationLandscapeLeft UIInterfaceOrientationLandscapeRight";
				INFOPLIST_KEY_UISupportedInterfaceOrientations_iPhone = "UIInterfaceOrientationPortrait UIInterfaceOrientationLandscapeLeft UIInterfaceOrientationLandscapeRight";
				LD_RUNPATH_SEARCH_PATHS = (
					"$(inherited)",
					"@executable_path/Frameworks",
				);
				MARKETING_VERSION = 1.0;
				PRODUCT_BUNDLE_IDENTIFIER = ActividadApple.AboutMe;
				PRODUCT_NAME = "$(TARGET_NAME)";
				SWIFT_EMIT_LOC_STRINGS = YES;
				SWIFT_VERSION = 5.0;
				TARGETED_DEVICE_FAMILY = "1,2";
			};
			name = Debug;
		};
		6F8E69C12BC2FFD90049EC6F /* Release */ = {
			isa = XCBuildConfiguration;
			buildSettings = {
				ASSETCATALOG_COMPILER_APPICON_NAME = AppIcon;
				ASSETCATALOG_COMPILER_GLOBAL_ACCENT_COLOR_NAME = AccentColor;
				CODE_SIGN_STYLE = Automatic;
				CURRENT_PROJECT_VERSION = 1;
				GENERATE_INFOPLIST_FILE = YES;
				INFOPLIST_FILE = AboutMe/Info.plist;
				INFOPLIST_KEY_UIApplicationSupportsIndirectInputEvents = YES;
				INFOPLIST_KEY_UILaunchStoryboardName = LaunchScreen;
				INFOPLIST_KEY_UIMainStoryboardFile = Main;
				INFOPLIST_KEY_UISupportedInterfaceOrientations_iPad = "UIInterfaceOrientationPortrait UIInterfaceOrientationPortraitUpsideDown UIInterfaceOrientationLandscapeLeft UIInterfaceOrientationLandscapeRight";
				INFOPLIST_KEY_UISupportedInterfaceOrientations_iPhone = "UIInterfaceOrientationPortrait UIInterfaceOrientationLandscapeLeft UIInterfaceOrientationLandscapeRight";
				LD_RUNPATH_SEARCH_PATHS = (
					"$(inherited)",
					"@executable_path/Frameworks",
				);
				MARKETING_VERSION = 1.0;
				PRODUCT_BUNDLE_IDENTIFIER = ActividadApple.AboutMe;
				PRODUCT_NAME = "$(TARGET_NAME)";
				SWIFT_EMIT_LOC_STRINGS = YES;
				SWIFT_VERSION = 5.0;
				TARGETED_DEVICE_FAMILY = "1,2";
			};
			name = Release;
		};
		6F8E69C32BC2FFD90049EC6F /* Debug */ = {
			isa = XCBuildConfiguration;
			buildSettings = {
				ALWAYS_EMBED_SWIFT_STANDARD_LIBRARIES = YES;
				BUNDLE_LOADER = "$(TEST_HOST)";
				CODE_SIGN_STYLE = Automatic;
				CURRENT_PROJECT_VERSION = 1;
				GENERATE_INFOPLIST_FILE = YES;
				IPHONEOS_DEPLOYMENT_TARGET = 17.2;
				MARKETING_VERSION = 1.0;
				PRODUCT_BUNDLE_IDENTIFIER = ActividadApple.AboutMeTests;
				PRODUCT_NAME = "$(TARGET_NAME)";
				SWIFT_EMIT_LOC_STRINGS = NO;
				SWIFT_VERSION = 5.0;
				TARGETED_DEVICE_FAMILY = "1,2";
				TEST_HOST = "$(BUILT_PRODUCTS_DIR)/AboutMe.app/$(BUNDLE_EXECUTABLE_FOLDER_PATH)/AboutMe";
			};
			name = Debug;
		};
		6F8E69C42BC2FFD90049EC6F /* Release */ = {
			isa = XCBuildConfiguration;
			buildSettings = {
				ALWAYS_EMBED_SWIFT_STANDARD_LIBRARIES = YES;
				BUNDLE_LOADER = "$(TEST_HOST)";
				CODE_SIGN_STYLE = Automatic;
				CURRENT_PROJECT_VERSION = 1;
				GENERATE_INFOPLIST_FILE = YES;
				IPHONEOS_DEPLOYMENT_TARGET = 17.2;
				MARKETING_VERSION = 1.0;
				PRODUCT_BUNDLE_IDENTIFIER = ActividadApple.AboutMeTests;
				PRODUCT_NAME = "$(TARGET_NAME)";
				SWIFT_EMIT_LOC_STRINGS = NO;
				SWIFT_VERSION = 5.0;
				TARGETED_DEVICE_FAMILY = "1,2";
				TEST_HOST = "$(BUILT_PRODUCTS_DIR)/AboutMe.app/$(BUNDLE_EXECUTABLE_FOLDER_PATH)/AboutMe";
			};
			name = Release;
		};
		6F8E69C62BC2FFD90049EC6F /* Debug */ = {
			isa = XCBuildConfiguration;
			buildSettings = {
				ALWAYS_EMBED_SWIFT_STANDARD_LIBRARIES = YES;
				CODE_SIGN_STYLE = Automatic;
				CURRENT_PROJECT_VERSION = 1;
				GENERATE_INFOPLIST_FILE = YES;
				MARKETING_VERSION = 1.0;
				PRODUCT_BUNDLE_IDENTIFIER = ActividadApple.AboutMeUITests;
				PRODUCT_NAME = "$(TARGET_NAME)";
				SWIFT_EMIT_LOC_STRINGS = NO;
				SWIFT_VERSION = 5.0;
				TARGETED_DEVICE_FAMILY = "1,2";
				TEST_TARGET_NAME = AboutMe;
			};
			name = Debug;
		};
		6F8E69C72BC2FFD90049EC6F /* Release */ = {
			isa = XCBuildConfiguration;
			buildSettings = {
				ALWAYS_EMBED_SWIFT_STANDARD_LIBRARIES = YES;
				CODE_SIGN_STYLE = Automatic;
				CURRENT_PROJECT_VERSION = 1;
				GENERATE_INFOPLIST_FILE = YES;
				MARKETING_VERSION = 1.0;
				PRODUCT_BUNDLE_IDENTIFIER = ActividadApple.AboutMeUITests;
				PRODUCT_NAME = "$(TARGET_NAME)";
				SWIFT_EMIT_LOC_STRINGS = NO;
				SWIFT_VERSION = 5.0;
				TARGETED_DEVICE_FAMILY = "1,2";
				TEST_TARGET_NAME = AboutMe;
			};
			name = Release;
		};
/* End XCBuildConfiguration section */

/* Begin XCConfigurationList section */
		6F8E69902BC2FFD40049EC6F /* Build configuration list for PBXProject "AboutMe" */ = {
			isa = XCConfigurationList;
			buildConfigurations = (
				6F8E69BD2BC2FFD90049EC6F /* Debug */,
				6F8E69BE2BC2FFD90049EC6F /* Release */,
			);
			defaultConfigurationIsVisible = 0;
			defaultConfigurationName = Release;
		};
		6F8E69BF2BC2FFD90049EC6F /* Build configuration list for PBXNativeTarget "AboutMe" */ = {
			isa = XCConfigurationList;
			buildConfigurations = (
				6F8E69C02BC2FFD90049EC6F /* Debug */,
				6F8E69C12BC2FFD90049EC6F /* Release */,
			);
			defaultConfigurationIsVisible = 0;
			defaultConfigurationName = Release;
		};
		6F8E69C22BC2FFD90049EC6F /* Build configuration list for PBXNativeTarget "AboutMeTests" */ = {
			isa = XCConfigurationList;
			buildConfigurations = (
				6F8E69C32BC2FFD90049EC6F /* Debug */,
				6F8E69C42BC2FFD90049EC6F /* Release */,
			);
			defaultConfigurationIsVisible = 0;
			defaultConfigurationName = Release;
		};
		6F8E69C52BC2FFD90049EC6F /* Build configuration list for PBXNativeTarget "AboutMeUITests" */ = {
			isa = XCConfigurationList;
			buildConfigurations = (
				6F8E69C62BC2FFD90049EC6F /* Debug */,
				6F8E69C72BC2FFD90049EC6F /* Release */,
			);
			defaultConfigurationIsVisible = 0;
			defaultConfigurationName = Release;
		};
/* End XCConfigurationList section */
	};
	rootObject = 6F8E698D2BC2FFD40049EC6F /* Project object */;
}
